
Microsoft Visual Studio Solution File, Format Version 12.00
# Visual Studio Version 17
VisualStudioVersion = 17.0.31903.59
MinimumVisualStudioVersion = 10.0.40219.1
Project("{FAE04EC0-301F-11D3-BF4B-00C04F79EFBC}") = "MoneyPro2.API", "MoneyPro2.API\MoneyPro2.API.csproj", "{FAF395D5-60CA-4273-91F4-4805A5104215}"
EndProject
Project("{FAE04EC0-301F-11D3-BF4B-00C04F79EFBC}") = "MoneyPro2.Domain", "MoneyPro2.Domain\MoneyPro2.Domain.csproj", "{4BDF106E-09AD-43E4-A137-18BDB9F54DC1}"
EndProject
Global
	GlobalSection(SolutionConfigurationPlatforms) = preSolution
		Debug|Any CPU = Debug|Any CPU
		Release|Any CPU = Release|Any CPU
	EndGlobalSection
	GlobalSection(SolutionProperties) = preSolution
		HideSolutionNode = FALSE
	EndGlobalSection
	GlobalSection(ProjectConfigurationPlatforms) = postSolution
		{FAF395D5-60CA-4273-91F4-4805A5104215}.Debug|Any CPU.ActiveCfg = Debug|Any CPU
		{FAF395D5-60CA-4273-91F4-4805A5104215}.Debug|Any CPU.Build.0 = Debug|Any CPU
		{FAF395D5-60CA-4273-91F4-4805A5104215}.Release|Any CPU.ActiveCfg = Release|Any CPU
		{FAF395D5-60CA-4273-91F4-4805A5104215}.Release|Any CPU.Build.0 = Release|Any CPU
		{4BDF106E-09AD-43E4-A137-18BDB9F54DC1}.Debug|Any CPU.ActiveCfg = Debug|Any CPU
		{4BDF106E-09AD-43E4-A137-18BDB9F54DC1}.Debug|Any CPU.Build.0 = Debug|Any CPU
		{4BDF106E-09AD-43E4-A137-18BDB9F54DC1}.Release|Any CPU.ActiveCfg = Release|Any CPU
		{4BDF106E-09AD-43E4-A137-18BDB9F54DC1}.Release|Any CPU.Build.0 = Release|Any CPU
	EndGlobalSection
EndGlobal
